
Microsoft Visual Studio Solution File, Format Version 12.00
# Visual Studio Version 17
VisualStudioVersion = 17.0.31903.59
MinimumVisualStudioVersion = 10.0.40219.1
Project("{2150E333-8FDC-42A3-9474-1A3956D46DE8}") = "src", "src", "{827E0CD3-B72D-47B6-A68D-7590B98EB39B}"
EndProject
Project("{FAE04EC0-301F-11D3-BF4B-00C04F79EFBC}") = "AA.SmrScheduler.Api", "src\AA.SmrScheduler.Api\AA.SmrScheduler.Api.csproj", "{59E7CE64-D968-4BD6-88FB-1F7B1157CDA1}"
EndProject
Project("{FAE04EC0-301F-11D3-BF4B-00C04F79EFBC}") = "AA.SmrScheduler.Domain", "src\AA.SmrScheduler.Domain\AA.SmrScheduler.Domain.csproj", "{4F267449-D42B-4893-9BBA-95001740E64A}"
EndProject
Project("{FAE04EC0-301F-11D3-BF4B-00C04F79EFBC}") = "AA.SmrScheduler.Infrastructure", "src\AA.SmrScheduler.Infrastructure\AA.SmrScheduler.Infrastructure.csproj", "{1B7C00E3-2A5F-4244-B01C-8B20AF273ECD}"
EndProject
Global
	GlobalSection(SolutionConfigurationPlatforms) = preSolution
		Debug|Any CPU = Debug|Any CPU
		Debug|x64 = Debug|x64
		Debug|x86 = Debug|x86
		Release|Any CPU = Release|Any CPU
		Release|x64 = Release|x64
		Release|x86 = Release|x86
	EndGlobalSection
	GlobalSection(ProjectConfigurationPlatforms) = postSolution
		{59E7CE64-D968-4BD6-88FB-1F7B1157CDA1}.Debug|Any CPU.ActiveCfg = Debug|Any CPU
		{59E7CE64-D968-4BD6-88FB-1F7B1157CDA1}.Debug|Any CPU.Build.0 = Debug|Any CPU
		{59E7CE64-D968-4BD6-88FB-1F7B1157CDA1}.Debug|x64.ActiveCfg = Debug|Any CPU
		{59E7CE64-D968-4BD6-88FB-1F7B1157CDA1}.Debug|x64.Build.0 = Debug|Any CPU
		{59E7CE64-D968-4BD6-88FB-1F7B1157CDA1}.Debug|x86.ActiveCfg = Debug|Any CPU
		{59E7CE64-D968-4BD6-88FB-1F7B1157CDA1}.Debug|x86.Build.0 = Debug|Any CPU
		{59E7CE64-D968-4BD6-88FB-1F7B1157CDA1}.Release|Any CPU.ActiveCfg = Release|Any CPU
		{59E7CE64-D968-4BD6-88FB-1F7B1157CDA1}.Release|Any CPU.Build.0 = Release|Any CPU
		{59E7CE64-D968-4BD6-88FB-1F7B1157CDA1}.Release|x64.ActiveCfg = Release|Any CPU
		{59E7CE64-D968-4BD6-88FB-1F7B1157CDA1}.Release|x64.Build.0 = Release|Any CPU
		{59E7CE64-D968-4BD6-88FB-1F7B1157CDA1}.Release|x86.ActiveCfg = Release|Any CPU
		{59E7CE64-D968-4BD6-88FB-1F7B1157CDA1}.Release|x86.Build.0 = Release|Any CPU
		{4F267449-D42B-4893-9BBA-95001740E64A}.Debug|Any CPU.ActiveCfg = Debug|Any CPU
		{4F267449-D42B-4893-9BBA-95001740E64A}.Debug|Any CPU.Build.0 = Debug|Any CPU
		{4F267449-D42B-4893-9BBA-95001740E64A}.Debug|x64.ActiveCfg = Debug|Any CPU
		{4F267449-D42B-4893-9BBA-95001740E64A}.Debug|x64.Build.0 = Debug|Any CPU
		{4F267449-D42B-4893-9BBA-95001740E64A}.Debug|x86.ActiveCfg = Debug|Any CPU
		{4F267449-D42B-4893-9BBA-95001740E64A}.Debug|x86.Build.0 = Debug|Any CPU
		{4F267449-D42B-4893-9BBA-95001740E64A}.Release|Any CPU.ActiveCfg = Release|Any CPU
		{4F267449-D42B-4893-9BBA-95001740E64A}.Release|Any CPU.Build.0 = Release|Any CPU
		{4F267449-D42B-4893-9BBA-95001740E64A}.Release|x64.ActiveCfg = Release|Any CPU
		{4F267449-D42B-4893-9BBA-95001740E64A}.Release|x64.Build.0 = Release|Any CPU
		{4F267449-D42B-4893-9BBA-95001740E64A}.Release|x86.ActiveCfg = Release|Any CPU
		{4F267449-D42B-4893-9BBA-95001740E64A}.Release|x86.Build.0 = Release|Any CPU
		{1B7C00E3-2A5F-4244-B01C-8B20AF273ECD}.Debug|Any CPU.ActiveCfg = Debug|Any CPU
		{1B7C00E3-2A5F-4244-B01C-8B20AF273ECD}.Debug|Any CPU.Build.0 = Debug|Any CPU
		{1B7C00E3-2A5F-4244-B01C-8B20AF273ECD}.Debug|x64.ActiveCfg = Debug|Any CPU
		{1B7C00E3-2A5F-4244-B01C-8B20AF273ECD}.Debug|x64.Build.0 = Debug|Any CPU
		{1B7C00E3-2A5F-4244-B01C-8B20AF273ECD}.Debug|x86.ActiveCfg = Debug|Any CPU
		{1B7C00E3-2A5F-4244-B01C-8B20AF273ECD}.Debug|x86.Build.0 = Debug|Any CPU
		{1B7C00E3-2A5F-4244-B01C-8B20AF273ECD}.Release|Any CPU.ActiveCfg = Release|Any CPU
		{1B7C00E3-2A5F-4244-B01C-8B20AF273ECD}.Release|Any CPU.Build.0 = Release|Any CPU
		{1B7C00E3-2A5F-4244-B01C-8B20AF273ECD}.Release|x64.ActiveCfg = Release|Any CPU
		{1B7C00E3-2A5F-4244-B01C-8B20AF273ECD}.Release|x64.Build.0 = Release|Any CPU
		{1B7C00E3-2A5F-4244-B01C-8B20AF273ECD}.Release|x86.ActiveCfg = Release|Any CPU
		{1B7C00E3-2A5F-4244-B01C-8B20AF273ECD}.Release|x86.Build.0 = Release|Any CPU
	EndGlobalSection
	GlobalSection(SolutionProperties) = preSolution
		HideSolutionNode = FALSE
	EndGlobalSection
	GlobalSection(NestedProjects) = preSolution
		{59E7CE64-D968-4BD6-88FB-1F7B1157CDA1} = {827E0CD3-B72D-47B6-A68D-7590B98EB39B}
		{4F267449-D42B-4893-9BBA-95001740E64A} = {827E0CD3-B72D-47B6-A68D-7590B98EB39B}
		{1B7C00E3-2A5F-4244-B01C-8B20AF273ECD} = {827E0CD3-B72D-47B6-A68D-7590B98EB39B}
	EndGlobalSection
EndGlobal
